
Microsoft Visual Studio Solution File, Format Version 12.00
# Visual Studio Version 16
VisualStudioVersion = 16.0.810.19
MinimumVisualStudioVersion = 10.0.40219.1
Project("{FAE04EC0-301F-11D3-BF4B-00C04F79EFBC}") = "Methods2", "Methods2.csproj", "{6BD64A89-1676-4E4B-9A56-C28D2D1FF7D8}"
EndProject
Global
	GlobalSection(SolutionConfigurationPlatforms) = preSolution
		Debug|Any CPU = Debug|Any CPU
		Release|Any CPU = Release|Any CPU
	EndGlobalSection
	GlobalSection(ProjectConfigurationPlatforms) = postSolution
		{6BD64A89-1676-4E4B-9A56-C28D2D1FF7D8}.Debug|Any CPU.ActiveCfg = Debug|Any CPU
		{6BD64A89-1676-4E4B-9A56-C28D2D1FF7D8}.Debug|Any CPU.Build.0 = Debug|Any CPU
		{6BD64A89-1676-4E4B-9A56-C28D2D1FF7D8}.Release|Any CPU.ActiveCfg = Release|Any CPU
		{6BD64A89-1676-4E4B-9A56-C28D2D1FF7D8}.Release|Any CPU.Build.0 = Release|Any CPU
	EndGlobalSection
	GlobalSection(SolutionProperties) = preSolution
		HideSolutionNode = FALSE
	EndGlobalSection
	GlobalSection(ExtensibilityGlobals) = postSolution
		SolutionGuid = {AC551651-6ED6-4960-B2DC-13C1D70A0E14}
	EndGlobalSection
EndGlobal
