
Microsoft Visual Studio Solution File, Format Version 12.00
# Visual Studio Version 16
VisualStudioVersion = 16.0.810.19
MinimumVisualStudioVersion = 10.0.40219.1
Project("{FAE04EC0-301F-11D3-BF4B-00C04F79EFBC}") = "Objects", "Objects.csproj", "{BC1A30EA-DDF3-4ED7-867F-9CB45C3F0DC0}"
EndProject
Global
	GlobalSection(SolutionConfigurationPlatforms) = preSolution
		Debug|Any CPU = Debug|Any CPU
		Release|Any CPU = Release|Any CPU
	EndGlobalSection
	GlobalSection(ProjectConfigurationPlatforms) = postSolution
		{BC1A30EA-DDF3-4ED7-867F-9CB45C3F0DC0}.Debug|Any CPU.ActiveCfg = Debug|Any CPU
		{BC1A30EA-DDF3-4ED7-867F-9CB45C3F0DC0}.Debug|Any CPU.Build.0 = Debug|Any CPU
		{BC1A30EA-DDF3-4ED7-867F-9CB45C3F0DC0}.Release|Any CPU.ActiveCfg = Release|Any CPU
		{BC1A30EA-DDF3-4ED7-867F-9CB45C3F0DC0}.Release|Any CPU.Build.0 = Release|Any CPU
	EndGlobalSection
	GlobalSection(SolutionProperties) = preSolution
		HideSolutionNode = FALSE
	EndGlobalSection
	GlobalSection(ExtensibilityGlobals) = postSolution
		SolutionGuid = {CA89168A-5C32-4576-8CA8-A88B88C4C833}
	EndGlobalSection
EndGlobal
