
Microsoft Visual Studio Solution File, Format Version 12.00
# Visual Studio Version 16
VisualStudioVersion = 16.0.810.19
MinimumVisualStudioVersion = 10.0.40219.1
Project("{FAE04EC0-301F-11D3-BF4B-00C04F79EFBC}") = "MultiDimensionalArrays", "MultiDimensionalArrays.csproj", "{6A725FAA-6DCA-452B-935A-5530517C83E7}"
EndProject
Global
	GlobalSection(SolutionConfigurationPlatforms) = preSolution
		Debug|Any CPU = Debug|Any CPU
		Release|Any CPU = Release|Any CPU
	EndGlobalSection
	GlobalSection(ProjectConfigurationPlatforms) = postSolution
		{6A725FAA-6DCA-452B-935A-5530517C83E7}.Debug|Any CPU.ActiveCfg = Debug|Any CPU
		{6A725FAA-6DCA-452B-935A-5530517C83E7}.Debug|Any CPU.Build.0 = Debug|Any CPU
		{6A725FAA-6DCA-452B-935A-5530517C83E7}.Release|Any CPU.ActiveCfg = Release|Any CPU
		{6A725FAA-6DCA-452B-935A-5530517C83E7}.Release|Any CPU.Build.0 = Release|Any CPU
	EndGlobalSection
	GlobalSection(SolutionProperties) = preSolution
		HideSolutionNode = FALSE
	EndGlobalSection
	GlobalSection(ExtensibilityGlobals) = postSolution
		SolutionGuid = {C1FD0B10-94D1-46C0-BA2E-EA0A6B8DBA4D}
	EndGlobalSection
EndGlobal
