
Microsoft Visual Studio Solution File, Format Version 12.00
# Visual Studio Version 16
VisualStudioVersion = 16.0.810.19
MinimumVisualStudioVersion = 10.0.40219.1
Project("{FAE04EC0-301F-11D3-BF4B-00C04F79EFBC}") = "Challenge1", "Challenge1.csproj", "{A81B9228-B2B5-4D14-A69D-7BF4782A2A3B}"
EndProject
Global
	GlobalSection(SolutionConfigurationPlatforms) = preSolution
		Debug|Any CPU = Debug|Any CPU
		Release|Any CPU = Release|Any CPU
	EndGlobalSection
	GlobalSection(ProjectConfigurationPlatforms) = postSolution
		{A81B9228-B2B5-4D14-A69D-7BF4782A2A3B}.Debug|Any CPU.ActiveCfg = Debug|Any CPU
		{A81B9228-B2B5-4D14-A69D-7BF4782A2A3B}.Debug|Any CPU.Build.0 = Debug|Any CPU
		{A81B9228-B2B5-4D14-A69D-7BF4782A2A3B}.Release|Any CPU.ActiveCfg = Release|Any CPU
		{A81B9228-B2B5-4D14-A69D-7BF4782A2A3B}.Release|Any CPU.Build.0 = Release|Any CPU
	EndGlobalSection
	GlobalSection(SolutionProperties) = preSolution
		HideSolutionNode = FALSE
	EndGlobalSection
	GlobalSection(ExtensibilityGlobals) = postSolution
		SolutionGuid = {CF0044B1-38FD-405C-A3AD-2DE712952276}
	EndGlobalSection
EndGlobal
